// !$*UTF8*$!
{
	archiveVersion = 1;
	classes = {
	};
	objectVersion = 56;
	objects = {

/* Begin PBXBuildFile section */
		E30F66072A3354C90066AC01 /* Attachement.swift in Sources */ = {isa = PBXBuildFile; fileRef = E30F66062A3354C90066AC01 /* Attachement.swift */; };
		E330221A2A33E10200A998B2 /* EventsListView.swift in Sources */ = {isa = PBXBuildFile; fileRef = E33022192A33E10200A998B2 /* EventsListView.swift */; };
		E3496E342A13EC3F00104A0B /* EventsView.swift in Sources */ = {isa = PBXBuildFile; fileRef = E3496E332A13EC3F00104A0B /* EventsView.swift */; };
		E3496E382A13ECA300104A0B /* EventsViewModel.swift in Sources */ = {isa = PBXBuildFile; fileRef = E3496E372A13ECA300104A0B /* EventsViewModel.swift */; };
		E3496E3A2A13ECC300104A0B /* Event.swift in Sources */ = {isa = PBXBuildFile; fileRef = E3496E392A13ECC300104A0B /* Event.swift */; };
		E3496E3D2A13F07200104A0B /* EventsClient.swift in Sources */ = {isa = PBXBuildFile; fileRef = E3496E3C2A13F07200104A0B /* EventsClient.swift */; };
		E3496E422A141B5F00104A0B /* Config.plist in Resources */ = {isa = PBXBuildFile; fileRef = E3496E412A141B5F00104A0B /* Config.plist */; };
		E3496E442A141CBC00104A0B /* Config.sample.plist in Resources */ = {isa = PBXBuildFile; fileRef = E3496E432A141CBC00104A0B /* Config.sample.plist */; };
		E3496E462A1423A400104A0B /* Config.swift in Sources */ = {isa = PBXBuildFile; fileRef = E3496E452A1423A400104A0B /* Config.swift */; };
		E3496E482A142BBC00104A0B /* LadvEventsClient.swift in Sources */ = {isa = PBXBuildFile; fileRef = E3496E472A142BBC00104A0B /* LadvEventsClient.swift */; };
		E3496E4B2A14335500104A0B /* Localizable.strings in Resources */ = {isa = PBXBuildFile; fileRef = E3496E4D2A14335500104A0B /* Localizable.strings */; };
		E3496E502A143DE500104A0B /* EventRow.swift in Sources */ = {isa = PBXBuildFile; fileRef = E3496E4F2A143DE500104A0B /* EventRow.swift */; };
		E3496E522A17DEA400104A0B /* EventsFilterView.swift in Sources */ = {isa = PBXBuildFile; fileRef = E3496E512A17DEA400104A0B /* EventsFilterView.swift */; };
		E3496E562A17E30100104A0B /* AssociationsClient.swift in Sources */ = {isa = PBXBuildFile; fileRef = E3496E552A17E30100104A0B /* AssociationsClient.swift */; };
		E3496E592A17E33500104A0B /* Association.swift in Sources */ = {isa = PBXBuildFile; fileRef = E3496E582A17E33500104A0B /* Association.swift */; };
		E35B03B52A1FC41B00D25FF4 /* EventsFilterStore.swift in Sources */ = {isa = PBXBuildFile; fileRef = E35B03B42A1FC41B00D25FF4 /* EventsFilterStore.swift */; };
		E35B03B72A1FD5CE00D25FF4 /* EventsFilterToolbar.swift in Sources */ = {isa = PBXBuildFile; fileRef = E35B03B62A1FD5CE00D25FF4 /* EventsFilterToolbar.swift */; };
		E369D23E2A11DBB500FF2051 /* App.swift in Sources */ = {isa = PBXBuildFile; fileRef = E369D23D2A11DBB500FF2051 /* App.swift */; };
		E369D2422A11DBB600FF2051 /* Assets.xcassets in Resources */ = {isa = PBXBuildFile; fileRef = E369D2412A11DBB600FF2051 /* Assets.xcassets */; };
		E369D2452A11DBB600FF2051 /* Preview Assets.xcassets in Resources */ = {isa = PBXBuildFile; fileRef = E369D2442A11DBB600FF2051 /* Preview Assets.xcassets */; };
		E376DB0E2A290D4D00C53058 /* EventDetails.swift in Sources */ = {isa = PBXBuildFile; fileRef = E376DB0D2A290D4D00C53058 /* EventDetails.swift */; };
		E376DB122A290EC400C53058 /* Discipline.swift in Sources */ = {isa = PBXBuildFile; fileRef = E376DB112A290EC400C53058 /* Discipline.swift */; };
		E376DB142A29137C00C53058 /* EventDetailsViewModel.swift in Sources */ = {isa = PBXBuildFile; fileRef = E376DB132A29137C00C53058 /* EventDetailsViewModel.swift */; };
		E39859AE2A1E92D9007027BA /* LadvAssociationsClient.swift in Sources */ = {isa = PBXBuildFile; fileRef = E39859AD2A1E92D9007027BA /* LadvAssociationsClient.swift */; };
		E39859B02A1E94C8007027BA /* EventsFilterViewModel.swift in Sources */ = {isa = PBXBuildFile; fileRef = E39859AF2A1E94C8007027BA /* EventsFilterViewModel.swift */; };
		E3EC56E52A1EAAA400EDAC4D /* EventsFilterRow.swift in Sources */ = {isa = PBXBuildFile; fileRef = E3EC56E42A1EAAA400EDAC4D /* EventsFilterRow.swift */; };
		E3F0FC8A2A215D6B00CC7274 /* EventDetailsView.swift in Sources */ = {isa = PBXBuildFile; fileRef = E3F0FC892A215D6B00CC7274 /* EventDetailsView.swift */; };
/* End PBXBuildFile section */

/* Begin PBXFileReference section */
		E30F66062A3354C90066AC01 /* Attachement.swift */ = {isa = PBXFileReference; lastKnownFileType = sourcecode.swift; path = Attachement.swift; sourceTree = "<group>"; };
		E33022192A33E10200A998B2 /* EventsListView.swift */ = {isa = PBXFileReference; lastKnownFileType = sourcecode.swift; path = EventsListView.swift; sourceTree = "<group>"; };
		E3496E332A13EC3F00104A0B /* EventsView.swift */ = {isa = PBXFileReference; lastKnownFileType = sourcecode.swift; path = EventsView.swift; sourceTree = "<group>"; };
		E3496E372A13ECA300104A0B /* EventsViewModel.swift */ = {isa = PBXFileReference; lastKnownFileType = sourcecode.swift; path = EventsViewModel.swift; sourceTree = "<group>"; };
		E3496E392A13ECC300104A0B /* Event.swift */ = {isa = PBXFileReference; lastKnownFileType = sourcecode.swift; path = Event.swift; sourceTree = "<group>"; };
		E3496E3C2A13F07200104A0B /* EventsClient.swift */ = {isa = PBXFileReference; lastKnownFileType = sourcecode.swift; path = EventsClient.swift; sourceTree = "<group>"; };
		E3496E412A141B5F00104A0B /* Config.plist */ = {isa = PBXFileReference; lastKnownFileType = text.plist.xml; path = Config.plist; sourceTree = "<group>"; };
		E3496E432A141CBC00104A0B /* Config.sample.plist */ = {isa = PBXFileReference; lastKnownFileType = text.plist.xml; path = Config.sample.plist; sourceTree = "<group>"; };
		E3496E452A1423A400104A0B /* Config.swift */ = {isa = PBXFileReference; lastKnownFileType = sourcecode.swift; path = Config.swift; sourceTree = "<group>"; };
		E3496E472A142BBC00104A0B /* LadvEventsClient.swift */ = {isa = PBXFileReference; lastKnownFileType = sourcecode.swift; path = LadvEventsClient.swift; sourceTree = "<group>"; };
		E3496E4C2A14335500104A0B /* en */ = {isa = PBXFileReference; lastKnownFileType = text.plist.strings; name = en; path = en.lproj/Localizable.strings; sourceTree = "<group>"; };
		E3496E4E2A1433DB00104A0B /* de */ = {isa = PBXFileReference; lastKnownFileType = text.plist.strings; name = de; path = de.lproj/Localizable.strings; sourceTree = "<group>"; };
		E3496E4F2A143DE500104A0B /* EventRow.swift */ = {isa = PBXFileReference; lastKnownFileType = sourcecode.swift; path = EventRow.swift; sourceTree = "<group>"; };
		E3496E512A17DEA400104A0B /* EventsFilterView.swift */ = {isa = PBXFileReference; lastKnownFileType = sourcecode.swift; path = EventsFilterView.swift; sourceTree = "<group>"; };
		E3496E552A17E30100104A0B /* AssociationsClient.swift */ = {isa = PBXFileReference; lastKnownFileType = sourcecode.swift; path = AssociationsClient.swift; sourceTree = "<group>"; };
		E3496E582A17E33500104A0B /* Association.swift */ = {isa = PBXFileReference; lastKnownFileType = sourcecode.swift; path = Association.swift; sourceTree = "<group>"; };
		E35B03B42A1FC41B00D25FF4 /* EventsFilterStore.swift */ = {isa = PBXFileReference; lastKnownFileType = sourcecode.swift; path = EventsFilterStore.swift; sourceTree = "<group>"; };
		E35B03B62A1FD5CE00D25FF4 /* EventsFilterToolbar.swift */ = {isa = PBXFileReference; lastKnownFileType = sourcecode.swift; path = EventsFilterToolbar.swift; sourceTree = "<group>"; };
		E369D23A2A11DBB500FF2051 /* Athlety.app */ = {isa = PBXFileReference; explicitFileType = wrapper.application; includeInIndex = 0; path = Athlety.app; sourceTree = BUILT_PRODUCTS_DIR; };
		E369D23D2A11DBB500FF2051 /* App.swift */ = {isa = PBXFileReference; lastKnownFileType = sourcecode.swift; path = App.swift; sourceTree = "<group>"; };
		E369D2412A11DBB600FF2051 /* Assets.xcassets */ = {isa = PBXFileReference; lastKnownFileType = folder.assetcatalog; path = Assets.xcassets; sourceTree = "<group>"; };
		E369D2442A11DBB600FF2051 /* Preview Assets.xcassets */ = {isa = PBXFileReference; lastKnownFileType = folder.assetcatalog; path = "Preview Assets.xcassets"; sourceTree = "<group>"; };
		E376DB0D2A290D4D00C53058 /* EventDetails.swift */ = {isa = PBXFileReference; lastKnownFileType = sourcecode.swift; path = EventDetails.swift; sourceTree = "<group>"; };
		E376DB112A290EC400C53058 /* Discipline.swift */ = {isa = PBXFileReference; lastKnownFileType = sourcecode.swift; path = Discipline.swift; sourceTree = "<group>"; };
		E376DB132A29137C00C53058 /* EventDetailsViewModel.swift */ = {isa = PBXFileReference; lastKnownFileType = sourcecode.swift; path = EventDetailsViewModel.swift; sourceTree = "<group>"; };
		E39859AD2A1E92D9007027BA /* LadvAssociationsClient.swift */ = {isa = PBXFileReference; lastKnownFileType = sourcecode.swift; path = LadvAssociationsClient.swift; sourceTree = "<group>"; };
		E39859AF2A1E94C8007027BA /* EventsFilterViewModel.swift */ = {isa = PBXFileReference; lastKnownFileType = sourcecode.swift; path = EventsFilterViewModel.swift; sourceTree = "<group>"; };
		E3EC56E42A1EAAA400EDAC4D /* EventsFilterRow.swift */ = {isa = PBXFileReference; lastKnownFileType = sourcecode.swift; path = EventsFilterRow.swift; sourceTree = "<group>"; };
		E3F0FC892A215D6B00CC7274 /* EventDetailsView.swift */ = {isa = PBXFileReference; lastKnownFileType = sourcecode.swift; path = EventDetailsView.swift; sourceTree = "<group>"; };
/* End PBXFileReference section */

/* Begin PBXFrameworksBuildPhase section */
		E369D2372A11DBB500FF2051 /* Frameworks */ = {
			isa = PBXFrameworksBuildPhase;
			buildActionMask = 2147483647;
			files = (
			);
			runOnlyForDeploymentPostprocessing = 0;
		};
/* End PBXFrameworksBuildPhase section */

/* Begin PBXGroup section */
		E30F66042A33549D0066AC01 /* Attachements */ = {
			isa = PBXGroup;
			children = (
				E30F66052A3354B90066AC01 /* Models */,
			);
			path = Attachements;
			sourceTree = "<group>";
		};
		E30F66052A3354B90066AC01 /* Models */ = {
			isa = PBXGroup;
			children = (
				E30F66062A3354C90066AC01 /* Attachement.swift */,
			);
			path = Models;
			sourceTree = "<group>";
		};
		E3496E312A13EC1900104A0B /* Events */ = {
			isa = PBXGroup;
			children = (
				E3496E3F2A13F08900104A0B /* Clients */,
				E3496E362A13EC6700104A0B /* Models */,
				E35B03B32A1FC40700D25FF4 /* Stores */,
				E3496E322A13EC3000104A0B /* Views */,
				E3496E352A13EC5800104A0B /* View Models */,
			);
			path = Events;
			sourceTree = "<group>";
		};
		E3496E322A13EC3000104A0B /* Views */ = {
			isa = PBXGroup;
			children = (
				E3496E332A13EC3F00104A0B /* EventsView.swift */,
				E33022192A33E10200A998B2 /* EventsListView.swift */,
				E3496E4F2A143DE500104A0B /* EventRow.swift */,
				E3F0FC892A215D6B00CC7274 /* EventDetailsView.swift */,
				E3496E512A17DEA400104A0B /* EventsFilterView.swift */,
				E3EC56E42A1EAAA400EDAC4D /* EventsFilterRow.swift */,
				E35B03B62A1FD5CE00D25FF4 /* EventsFilterToolbar.swift */,
			);
			path = Views;
			sourceTree = "<group>";
		};
		E3496E352A13EC5800104A0B /* View Models */ = {
			isa = PBXGroup;
			children = (
				E3496E372A13ECA300104A0B /* EventsViewModel.swift */,
				E376DB132A29137C00C53058 /* EventDetailsViewModel.swift */,
				E39859AF2A1E94C8007027BA /* EventsFilterViewModel.swift */,
			);
			path = "View Models";
			sourceTree = "<group>";
		};
		E3496E362A13EC6700104A0B /* Models */ = {
			isa = PBXGroup;
			children = (
				E3496E392A13ECC300104A0B /* Event.swift */,
				E376DB0D2A290D4D00C53058 /* EventDetails.swift */,
			);
			path = Models;
			sourceTree = "<group>";
		};
		E3496E3F2A13F08900104A0B /* Clients */ = {
			isa = PBXGroup;
			children = (
				E3496E3C2A13F07200104A0B /* EventsClient.swift */,
				E3496E472A142BBC00104A0B /* LadvEventsClient.swift */,
			);
			path = Clients;
			sourceTree = "<group>";
		};
		E3496E532A17E06A00104A0B /* Associations */ = {
			isa = PBXGroup;
			children = (
				E3496E542A17E27A00104A0B /* Clients */,
				E3496E572A17E32300104A0B /* Models */,
			);
			path = Associations;
			sourceTree = "<group>";
		};
		E3496E542A17E27A00104A0B /* Clients */ = {
			isa = PBXGroup;
			children = (
				E3496E552A17E30100104A0B /* AssociationsClient.swift */,
				E39859AD2A1E92D9007027BA /* LadvAssociationsClient.swift */,
			);
			path = Clients;
			sourceTree = "<group>";
		};
		E3496E572A17E32300104A0B /* Models */ = {
			isa = PBXGroup;
			children = (
				E3496E582A17E33500104A0B /* Association.swift */,
			);
			path = Models;
			sourceTree = "<group>";
		};
		E35B03B32A1FC40700D25FF4 /* Stores */ = {
			isa = PBXGroup;
			children = (
				E35B03B42A1FC41B00D25FF4 /* EventsFilterStore.swift */,
			);
			path = Stores;
			sourceTree = "<group>";
		};
		E369D2312A11DBB500FF2051 = {
			isa = PBXGroup;
			children = (
				E369D23C2A11DBB500FF2051 /* Athlety */,
				E369D23B2A11DBB500FF2051 /* Products */,
			);
			sourceTree = "<group>";
		};
		E369D23B2A11DBB500FF2051 /* Products */ = {
			isa = PBXGroup;
			children = (
				E369D23A2A11DBB500FF2051 /* Athlety.app */,
			);
			name = Products;
			sourceTree = "<group>";
		};
		E369D23C2A11DBB500FF2051 /* Athlety */ = {
			isa = PBXGroup;
			children = (
				E369D23D2A11DBB500FF2051 /* App.swift */,
				E3496E452A1423A400104A0B /* Config.swift */,
				E3496E532A17E06A00104A0B /* Associations */,
				E30F66042A33549D0066AC01 /* Attachements */,
				E376DB0F2A290EAC00C53058 /* Disciplines */,
				E3496E312A13EC1900104A0B /* Events */,
				E369D2412A11DBB600FF2051 /* Assets.xcassets */,
				E3496E412A141B5F00104A0B /* Config.plist */,
				E3496E432A141CBC00104A0B /* Config.sample.plist */,
				E3496E4D2A14335500104A0B /* Localizable.strings */,
				E369D2432A11DBB600FF2051 /* Preview Content */,
			);
			path = Athlety;
			sourceTree = "<group>";
		};
		E369D2432A11DBB600FF2051 /* Preview Content */ = {
			isa = PBXGroup;
			children = (
				E369D2442A11DBB600FF2051 /* Preview Assets.xcassets */,
			);
			path = "Preview Content";
			sourceTree = "<group>";
		};
		E376DB0F2A290EAC00C53058 /* Disciplines */ = {
			isa = PBXGroup;
			children = (
				E376DB102A290EBA00C53058 /* Models */,
			);
			path = Disciplines;
			sourceTree = "<group>";
		};
		E376DB102A290EBA00C53058 /* Models */ = {
			isa = PBXGroup;
			children = (
				E376DB112A290EC400C53058 /* Discipline.swift */,
			);
			path = Models;
			sourceTree = "<group>";
		};
/* End PBXGroup section */

/* Begin PBXNativeTarget section */
		E369D2392A11DBB500FF2051 /* Athlety */ = {
			isa = PBXNativeTarget;
			buildConfigurationList = E369D2482A11DBB600FF2051 /* Build configuration list for PBXNativeTarget "Athlety" */;
			buildPhases = (
				E369D2362A11DBB500FF2051 /* Sources */,
				E369D2372A11DBB500FF2051 /* Frameworks */,
				E369D2382A11DBB500FF2051 /* Resources */,
			);
			buildRules = (
			);
			dependencies = (
			);
			name = Athlety;
			productName = Athlety;
			productReference = E369D23A2A11DBB500FF2051 /* Athlety.app */;
			productType = "com.apple.product-type.application";
		};
/* End PBXNativeTarget section */

/* Begin PBXProject section */
		E369D2322A11DBB500FF2051 /* Project object */ = {
			isa = PBXProject;
			attributes = {
				BuildIndependentTargetsInParallel = 1;
				LastSwiftUpdateCheck = 1430;
				LastUpgradeCheck = 1430;
				TargetAttributes = {
					E369D2392A11DBB500FF2051 = {
						CreatedOnToolsVersion = 14.3;
					};
				};
			};
			buildConfigurationList = E369D2352A11DBB500FF2051 /* Build configuration list for PBXProject "Athlety" */;
			compatibilityVersion = "Xcode 14.0";
			developmentRegion = en;
			hasScannedForEncodings = 0;
			knownRegions = (
				en,
				Base,
				de,
			);
			mainGroup = E369D2312A11DBB500FF2051;
			productRefGroup = E369D23B2A11DBB500FF2051 /* Products */;
			projectDirPath = "";
			projectRoot = "";
			targets = (
				E369D2392A11DBB500FF2051 /* Athlety */,
			);
		};
/* End PBXProject section */

/* Begin PBXResourcesBuildPhase section */
		E369D2382A11DBB500FF2051 /* Resources */ = {
			isa = PBXResourcesBuildPhase;
			buildActionMask = 2147483647;
			files = (
				E3496E4B2A14335500104A0B /* Localizable.strings in Resources */,
				E369D2452A11DBB600FF2051 /* Preview Assets.xcassets in Resources */,
				E3496E422A141B5F00104A0B /* Config.plist in Resources */,
				E369D2422A11DBB600FF2051 /* Assets.xcassets in Resources */,
				E3496E442A141CBC00104A0B /* Config.sample.plist in Resources */,
			);
			runOnlyForDeploymentPostprocessing = 0;
		};
/* End PBXResourcesBuildPhase section */

/* Begin PBXSourcesBuildPhase section */
		E369D2362A11DBB500FF2051 /* Sources */ = {
			isa = PBXSourcesBuildPhase;
			buildActionMask = 2147483647;
			files = (
				E3496E3A2A13ECC300104A0B /* Event.swift in Sources */,
				E376DB0E2A290D4D00C53058 /* EventDetails.swift in Sources */,
				E39859AE2A1E92D9007027BA /* LadvAssociationsClient.swift in Sources */,
				E3F0FC8A2A215D6B00CC7274 /* EventDetailsView.swift in Sources */,
				E30F66072A3354C90066AC01 /* Attachement.swift in Sources */,
				E35B03B72A1FD5CE00D25FF4 /* EventsFilterToolbar.swift in Sources */,
				E39859B02A1E94C8007027BA /* EventsFilterViewModel.swift in Sources */,
				E3496E382A13ECA300104A0B /* EventsViewModel.swift in Sources */,
				E35B03B52A1FC41B00D25FF4 /* EventsFilterStore.swift in Sources */,
				E376DB122A290EC400C53058 /* Discipline.swift in Sources */,
				E3496E342A13EC3F00104A0B /* EventsView.swift in Sources */,
				E3EC56E52A1EAAA400EDAC4D /* EventsFilterRow.swift in Sources */,
				E3496E522A17DEA400104A0B /* EventsFilterView.swift in Sources */,
				E3496E502A143DE500104A0B /* EventRow.swift in Sources */,
				E3496E482A142BBC00104A0B /* LadvEventsClient.swift in Sources */,
				E376DB142A29137C00C53058 /* EventDetailsViewModel.swift in Sources */,
				E330221A2A33E10200A998B2 /* EventsListView.swift in Sources */,
				E3496E562A17E30100104A0B /* AssociationsClient.swift in Sources */,
				E3496E592A17E33500104A0B /* Association.swift in Sources */,
				E369D23E2A11DBB500FF2051 /* App.swift in Sources */,
				E3496E3D2A13F07200104A0B /* EventsClient.swift in Sources */,
				E3496E462A1423A400104A0B /* Config.swift in Sources */,
			);
			runOnlyForDeploymentPostprocessing = 0;
		};
/* End PBXSourcesBuildPhase section */

/* Begin PBXVariantGroup section */
		E3496E4D2A14335500104A0B /* Localizable.strings */ = {
			isa = PBXVariantGroup;
			children = (
				E3496E4C2A14335500104A0B /* en */,
				E3496E4E2A1433DB00104A0B /* de */,
			);
			name = Localizable.strings;
			sourceTree = "<group>";
		};
/* End PBXVariantGroup section */

/* Begin XCBuildConfiguration section */
		E369D2462A11DBB600FF2051 /* Debug */ = {
			isa = XCBuildConfiguration;
			buildSettings = {
				ALWAYS_SEARCH_USER_PATHS = NO;
				CLANG_ANALYZER_LOCALIZABILITY_NONLOCALIZED = YES;
				CLANG_ANALYZER_NONNULL = YES;
				CLANG_ANALYZER_NUMBER_OBJECT_CONVERSION = YES_AGGRESSIVE;
				CLANG_CXX_LANGUAGE_STANDARD = "gnu++20";
				CLANG_ENABLE_MODULES = YES;
				CLANG_ENABLE_OBJC_ARC = YES;
				CLANG_ENABLE_OBJC_WEAK = YES;
				CLANG_WARN_BLOCK_CAPTURE_AUTORELEASING = YES;
				CLANG_WARN_BOOL_CONVERSION = YES;
				CLANG_WARN_COMMA = YES;
				CLANG_WARN_CONSTANT_CONVERSION = YES;
				CLANG_WARN_DEPRECATED_OBJC_IMPLEMENTATIONS = YES;
				CLANG_WARN_DIRECT_OBJC_ISA_USAGE = YES_ERROR;
				CLANG_WARN_DOCUMENTATION_COMMENTS = YES;
				CLANG_WARN_EMPTY_BODY = YES;
				CLANG_WARN_ENUM_CONVERSION = YES;
				CLANG_WARN_INFINITE_RECURSION = YES;
				CLANG_WARN_INT_CONVERSION = YES;
				CLANG_WARN_NON_LITERAL_NULL_CONVERSION = YES;
				CLANG_WARN_OBJC_IMPLICIT_RETAIN_SELF = YES;
				CLANG_WARN_OBJC_LITERAL_CONVERSION = YES;
				CLANG_WARN_OBJC_ROOT_CLASS = YES_ERROR;
				CLANG_WARN_QUOTED_INCLUDE_IN_FRAMEWORK_HEADER = YES;
				CLANG_WARN_RANGE_LOOP_ANALYSIS = YES;
				CLANG_WARN_STRICT_PROTOTYPES = YES;
				CLANG_WARN_SUSPICIOUS_MOVE = YES;
				CLANG_WARN_UNGUARDED_AVAILABILITY = YES_AGGRESSIVE;
				CLANG_WARN_UNREACHABLE_CODE = YES;
				CLANG_WARN__DUPLICATE_METHOD_MATCH = YES;
				COPY_PHASE_STRIP = NO;
				DEBUG_INFORMATION_FORMAT = dwarf;
				ENABLE_STRICT_OBJC_MSGSEND = YES;
				ENABLE_TESTABILITY = YES;
				GCC_C_LANGUAGE_STANDARD = gnu11;
				GCC_DYNAMIC_NO_PIC = NO;
				GCC_NO_COMMON_BLOCKS = YES;
				GCC_OPTIMIZATION_LEVEL = 0;
				GCC_PREPROCESSOR_DEFINITIONS = (
					"DEBUG=1",
					"$(inherited)",
				);
				GCC_WARN_64_TO_32_BIT_CONVERSION = YES;
				GCC_WARN_ABOUT_RETURN_TYPE = YES_ERROR;
				GCC_WARN_UNDECLARED_SELECTOR = YES;
				GCC_WARN_UNINITIALIZED_AUTOS = YES_AGGRESSIVE;
				GCC_WARN_UNUSED_FUNCTION = YES;
				GCC_WARN_UNUSED_VARIABLE = YES;
				IPHONEOS_DEPLOYMENT_TARGET = 16.4;
				MTL_ENABLE_DEBUG_INFO = INCLUDE_SOURCE;
				MTL_FAST_MATH = YES;
				ONLY_ACTIVE_ARCH = YES;
				SDKROOT = iphoneos;
				SWIFT_ACTIVE_COMPILATION_CONDITIONS = DEBUG;
				SWIFT_OPTIMIZATION_LEVEL = "-Onone";
			};
			name = Debug;
		};
		E369D2472A11DBB600FF2051 /* Release */ = {
			isa = XCBuildConfiguration;
			buildSettings = {
				ALWAYS_SEARCH_USER_PATHS = NO;
				CLANG_ANALYZER_LOCALIZABILITY_NONLOCALIZED = YES;
				CLANG_ANALYZER_NONNULL = YES;
				CLANG_ANALYZER_NUMBER_OBJECT_CONVERSION = YES_AGGRESSIVE;
				CLANG_CXX_LANGUAGE_STANDARD = "gnu++20";
				CLANG_ENABLE_MODULES = YES;
				CLANG_ENABLE_OBJC_ARC = YES;
				CLANG_ENABLE_OBJC_WEAK = YES;
				CLANG_WARN_BLOCK_CAPTURE_AUTORELEASING = YES;
				CLANG_WARN_BOOL_CONVERSION = YES;
				CLANG_WARN_COMMA = YES;
				CLANG_WARN_CONSTANT_CONVERSION = YES;
				CLANG_WARN_DEPRECATED_OBJC_IMPLEMENTATIONS = YES;
				CLANG_WARN_DIRECT_OBJC_ISA_USAGE = YES_ERROR;
				CLANG_WARN_DOCUMENTATION_COMMENTS = YES;
				CLANG_WARN_EMPTY_BODY = YES;
				CLANG_WARN_ENUM_CONVERSION = YES;
				CLANG_WARN_INFINITE_RECURSION = YES;
				CLANG_WARN_INT_CONVERSION = YES;
				CLANG_WARN_NON_LITERAL_NULL_CONVERSION = YES;
				CLANG_WARN_OBJC_IMPLICIT_RETAIN_SELF = YES;
				CLANG_WARN_OBJC_LITERAL_CONVERSION = YES;
				CLANG_WARN_OBJC_ROOT_CLASS = YES_ERROR;
				CLANG_WARN_QUOTED_INCLUDE_IN_FRAMEWORK_HEADER = YES;
				CLANG_WARN_RANGE_LOOP_ANALYSIS = YES;
				CLANG_WARN_STRICT_PROTOTYPES = YES;
				CLANG_WARN_SUSPICIOUS_MOVE = YES;
				CLANG_WARN_UNGUARDED_AVAILABILITY = YES_AGGRESSIVE;
				CLANG_WARN_UNREACHABLE_CODE = YES;
				CLANG_WARN__DUPLICATE_METHOD_MATCH = YES;
				COPY_PHASE_STRIP = NO;
				DEBUG_INFORMATION_FORMAT = "dwarf-with-dsym";
				ENABLE_NS_ASSERTIONS = NO;
				ENABLE_STRICT_OBJC_MSGSEND = YES;
				GCC_C_LANGUAGE_STANDARD = gnu11;
				GCC_NO_COMMON_BLOCKS = YES;
				GCC_WARN_64_TO_32_BIT_CONVERSION = YES;
				GCC_WARN_ABOUT_RETURN_TYPE = YES_ERROR;
				GCC_WARN_UNDECLARED_SELECTOR = YES;
				GCC_WARN_UNINITIALIZED_AUTOS = YES_AGGRESSIVE;
				GCC_WARN_UNUSED_FUNCTION = YES;
				GCC_WARN_UNUSED_VARIABLE = YES;
				IPHONEOS_DEPLOYMENT_TARGET = 16.4;
				MTL_ENABLE_DEBUG_INFO = NO;
				MTL_FAST_MATH = YES;
				SDKROOT = iphoneos;
				SWIFT_COMPILATION_MODE = wholemodule;
				SWIFT_OPTIMIZATION_LEVEL = "-O";
				VALIDATE_PRODUCT = YES;
			};
			name = Release;
		};
		E369D2492A11DBB600FF2051 /* Debug */ = {
			isa = XCBuildConfiguration;
			buildSettings = {
				ASSETCATALOG_COMPILER_APPICON_NAME = AppIcon;
				ASSETCATALOG_COMPILER_GLOBAL_ACCENT_COLOR_NAME = AccentColor;
				CODE_SIGN_STYLE = Automatic;
				CURRENT_PROJECT_VERSION = 1;
				DEVELOPMENT_ASSET_PATHS = "\"Athlety/Preview Content\"";
				DEVELOPMENT_TEAM = V6Y747LYEV;
				ENABLE_PREVIEWS = YES;
				GENERATE_INFOPLIST_FILE = YES;
				INFOPLIST_KEY_UIApplicationSceneManifest_Generation = YES;
				INFOPLIST_KEY_UIApplicationSupportsIndirectInputEvents = YES;
				INFOPLIST_KEY_UILaunchScreen_Generation = YES;
				INFOPLIST_KEY_UISupportedInterfaceOrientations_iPad = "UIInterfaceOrientationPortrait UIInterfaceOrientationPortraitUpsideDown UIInterfaceOrientationLandscapeLeft UIInterfaceOrientationLandscapeRight";
				INFOPLIST_KEY_UISupportedInterfaceOrientations_iPhone = "UIInterfaceOrientationPortrait UIInterfaceOrientationLandscapeLeft UIInterfaceOrientationLandscapeRight";
				LD_RUNPATH_SEARCH_PATHS = (
					"$(inherited)",
					"@executable_path/Frameworks",
				);
				MARKETING_VERSION = 1.0;
				PRODUCT_BUNDLE_IDENTIFIER = com.athlety.Athlety;
				PRODUCT_NAME = "$(TARGET_NAME)";
				SWIFT_EMIT_LOC_STRINGS = YES;
				SWIFT_VERSION = 5.0;
				TARGETED_DEVICE_FAMILY = "1,2";
			};
			name = Debug;
		};
		E369D24A2A11DBB600FF2051 /* Release */ = {
			isa = XCBuildConfiguration;
			buildSettings = {
				ASSETCATALOG_COMPILER_APPICON_NAME = AppIcon;
				ASSETCATALOG_COMPILER_GLOBAL_ACCENT_COLOR_NAME = AccentColor;
				CODE_SIGN_STYLE = Automatic;
				CURRENT_PROJECT_VERSION = 1;
				DEVELOPMENT_ASSET_PATHS = "\"Athlety/Preview Content\"";
				DEVELOPMENT_TEAM = V6Y747LYEV;
				ENABLE_PREVIEWS = YES;
				GENERATE_INFOPLIST_FILE = YES;
				INFOPLIST_KEY_UIApplicationSceneManifest_Generation = YES;
				INFOPLIST_KEY_UIApplicationSupportsIndirectInputEvents = YES;
				INFOPLIST_KEY_UILaunchScreen_Generation = YES;
				INFOPLIST_KEY_UISupportedInterfaceOrientations_iPad = "UIInterfaceOrientationPortrait UIInterfaceOrientationPortraitUpsideDown UIInterfaceOrientationLandscapeLeft UIInterfaceOrientationLandscapeRight";
				INFOPLIST_KEY_UISupportedInterfaceOrientations_iPhone = "UIInterfaceOrientationPortrait UIInterfaceOrientationLandscapeLeft UIInterfaceOrientationLandscapeRight";
				LD_RUNPATH_SEARCH_PATHS = (
					"$(inherited)",
					"@executable_path/Frameworks",
				);
				MARKETING_VERSION = 1.0;
				PRODUCT_BUNDLE_IDENTIFIER = com.athlety.Athlety;
				PRODUCT_NAME = "$(TARGET_NAME)";
				SWIFT_EMIT_LOC_STRINGS = YES;
				SWIFT_VERSION = 5.0;
				TARGETED_DEVICE_FAMILY = "1,2";
			};
			name = Release;
		};
/* End XCBuildConfiguration section */

/* Begin XCConfigurationList section */
		E369D2352A11DBB500FF2051 /* Build configuration list for PBXProject "Athlety" */ = {
			isa = XCConfigurationList;
			buildConfigurations = (
				E369D2462A11DBB600FF2051 /* Debug */,
				E369D2472A11DBB600FF2051 /* Release */,
			);
			defaultConfigurationIsVisible = 0;
			defaultConfigurationName = Release;
		};
		E369D2482A11DBB600FF2051 /* Build configuration list for PBXNativeTarget "Athlety" */ = {
			isa = XCConfigurationList;
			buildConfigurations = (
				E369D2492A11DBB600FF2051 /* Debug */,
				E369D24A2A11DBB600FF2051 /* Release */,
			);
			defaultConfigurationIsVisible = 0;
			defaultConfigurationName = Release;
		};
/* End XCConfigurationList section */
	};
	rootObject = E369D2322A11DBB500FF2051 /* Project object */;
}
